
Microsoft Visual Studio Solution File, Format Version 9.00
# Visual Studio 2005
# SharpDevelop 2.2.1.2648
Project("{FAE04EC0-301F-11D3-BF4B-00C04F79EFBC}") = "ForwardFileSync", "ForwardFileSync.csproj", "{BF2835F5-DF2B-4214-88CA-D250F8C98F05}"
EndProject
Global
	GlobalSection(SolutionConfigurationPlatforms) = preSolution
		Debug|Any CPU = Debug|Any CPU
		Release|Any CPU = Release|Any CPU
	EndGlobalSection
	GlobalSection(ProjectConfigurationPlatforms) = postSolution
		{BF2835F5-DF2B-4214-88CA-D250F8C98F05}.Debug|Any CPU.Build.0 = Debug|Any CPU
		{BF2835F5-DF2B-4214-88CA-D250F8C98F05}.Debug|Any CPU.ActiveCfg = Debug|Any CPU
		{BF2835F5-DF2B-4214-88CA-D250F8C98F05}.Release|Any CPU.Build.0 = Release|Any CPU
		{BF2835F5-DF2B-4214-88CA-D250F8C98F05}.Release|Any CPU.ActiveCfg = Release|Any CPU
	EndGlobalSection
EndGlobal
